
Microsoft Visual Studio Solution File, Format Version 12.00
# Visual Studio Version 17
VisualStudioVersion = 17.14.36327.8 d17.14
MinimumVisualStudioVersion = 10.0.40219.1
Project("{F184B08F-C81C-45F6-A57F-5ABD9991F28F}") = "MainMenuFormm", "MainMenuFormm\MainMenuFormm.vbproj", "{4C9F0BEC-902B-4DCC-A468-843D3FD465F0}"
EndProject
Global
	GlobalSection(SolutionConfigurationPlatforms) = preSolution
		Debug|Any CPU = Debug|Any CPU
		Release|Any CPU = Release|Any CPU
	EndGlobalSection
	GlobalSection(ProjectConfigurationPlatforms) = postSolution
		{4C9F0BEC-902B-4DCC-A468-843D3FD465F0}.Debug|Any CPU.ActiveCfg = Debug|Any CPU
		{4C9F0BEC-902B-4DCC-A468-843D3FD465F0}.Debug|Any CPU.Build.0 = Debug|Any CPU
		{4C9F0BEC-902B-4DCC-A468-843D3FD465F0}.Release|Any CPU.ActiveCfg = Release|Any CPU
		{4C9F0BEC-902B-4DCC-A468-843D3FD465F0}.Release|Any CPU.Build.0 = Release|Any CPU
	EndGlobalSection
	GlobalSection(SolutionProperties) = preSolution
		HideSolutionNode = FALSE
	EndGlobalSection
	GlobalSection(ExtensibilityGlobals) = postSolution
		SolutionGuid = {6F8271E4-9BD6-487C-9BB8-6992DE7B10B6}
	EndGlobalSection
EndGlobal
